
Microsoft Visual Studio Solution File, Format Version 12.00
# Visual Studio Version 16
VisualStudioVersion = 16.0.30907.101
MinimumVisualStudioVersion = 10.0.40219.1
Project("{FAE04EC0-301F-11D3-BF4B-00C04F79EFBC}") = "Kuongshun", "Kuongshun.csproj", "{C85E77C1-54B7-4284-9E50-EEFC9908ED36}"
EndProject
Global
	GlobalSection(SolutionConfigurationPlatforms) = preSolution
		Debug|Any CPU = Debug|Any CPU
		Release|Any CPU = Release|Any CPU
	EndGlobalSection
	GlobalSection(ProjectConfigurationPlatforms) = postSolution
		{C85E77C1-54B7-4284-9E50-EEFC9908ED36}.Debug|Any CPU.ActiveCfg = Debug|Any CPU
		{C85E77C1-54B7-4284-9E50-EEFC9908ED36}.Debug|Any CPU.Build.0 = Debug|Any CPU
		{C85E77C1-54B7-4284-9E50-EEFC9908ED36}.Release|Any CPU.ActiveCfg = Release|Any CPU
		{C85E77C1-54B7-4284-9E50-EEFC9908ED36}.Release|Any CPU.Build.0 = Release|Any CPU
	EndGlobalSection
	GlobalSection(SolutionProperties) = preSolution
		HideSolutionNode = FALSE
	EndGlobalSection
	GlobalSection(ExtensibilityGlobals) = postSolution
		SolutionGuid = {5AE1797D-1750-43C3-90A9-3039E08788ED}
	EndGlobalSection
EndGlobal
